
Microsoft Visual Studio Solution File, Format Version 12.00
# Visual Studio 15
VisualStudioVersion = 15.0.28010.2050
MinimumVisualStudioVersion = 10.0.40219.1
Project("{FAE04EC0-301F-11D3-BF4B-00C04F79EFBC}") = "MyWebMVC", "MyWebMVC\MyWebMVC.csproj", "{F766F722-2ED3-40E8-A72A-836728D02271}"
EndProject
Global
	GlobalSection(SolutionConfigurationPlatforms) = preSolution
		Debug|Any CPU = Debug|Any CPU
		Release|Any CPU = Release|Any CPU
	EndGlobalSection
	GlobalSection(ProjectConfigurationPlatforms) = postSolution
		{F766F722-2ED3-40E8-A72A-836728D02271}.Debug|Any CPU.ActiveCfg = Debug|Any CPU
		{F766F722-2ED3-40E8-A72A-836728D02271}.Debug|Any CPU.Build.0 = Debug|Any CPU
		{F766F722-2ED3-40E8-A72A-836728D02271}.Release|Any CPU.ActiveCfg = Release|Any CPU
		{F766F722-2ED3-40E8-A72A-836728D02271}.Release|Any CPU.Build.0 = Release|Any CPU
	EndGlobalSection
	GlobalSection(SolutionProperties) = preSolution
		HideSolutionNode = FALSE
	EndGlobalSection
	GlobalSection(ExtensibilityGlobals) = postSolution
		SolutionGuid = {CC2DE9FD-D536-4921-A9DC-77BD96CD6BC9}
	EndGlobalSection
EndGlobal
